
Microsoft Visual Studio Solution File, Format Version 12.00
# Visual Studio Version 16
VisualStudioVersion = 16.0.29326.143
MinimumVisualStudioVersion = 10.0.40219.1
Project("{9A19103F-16F7-4668-BE54-9A1E7A4F7556}") = "NetScape", "NetScape\NetScape.csproj", "{296CC515-8375-48A8-AB79-82131981BF46}"
	ProjectSection(ProjectDependencies) = postProject
		{B0F0D905-D443-4C5B-90AF-35F0954510F7} = {B0F0D905-D443-4C5B-90AF-35F0954510F7}
	EndProjectSection
EndProject
Project("{9A19103F-16F7-4668-BE54-9A1E7A4F7556}") = "NetScape.Modules.Server", "NetScape.GameServer\NetScape.Modules.Server.csproj", "{6FC700EE-6C8B-4F7A-95D6-4815CE04312A}"
EndProject
Project("{9A19103F-16F7-4668-BE54-9A1E7A4F7556}") = "NetScape.Abstractions", "NetScape.Abstractions\NetScape.Abstractions.csproj", "{DDD07DB5-4CF3-4D24-BEF9-79563C402355}"
EndProject
Project("{9A19103F-16F7-4668-BE54-9A1E7A4F7556}") = "NetScape.Modules.Logging.SeriLog", "NetScape.Modules.Logging.SeriLog\NetScape.Modules.Logging.SeriLog.csproj", "{CCC82E8A-B9D8-4EF8-A1E9-A7E060908EE2}"
EndProject
Project("{9A19103F-16F7-4668-BE54-9A1E7A4F7556}") = "NetScape.Modules.Messages", "NetScape.Modules.Messages\NetScape.Modules.Messages.csproj", "{0AA24266-93AE-4453-9E20-0932ED6D50B1}"
EndProject
Project("{9A19103F-16F7-4668-BE54-9A1E7A4F7556}") = "NetScape.Modules.Cache", "NetScape.Modules.Cache\NetScape.Modules.Cache.csproj", "{CF06986A-A8E2-4BC1-9A4B-BD35217E07F1}"
EndProject
Project("{9A19103F-16F7-4668-BE54-9A1E7A4F7556}") = "NetScape.Modules.DAL", "NetScape.Modules.DAL\NetScape.Modules.DAL.csproj", "{22C15816-2EB8-403F-B166-7A508ED73470}"
EndProject
Project("{9A19103F-16F7-4668-BE54-9A1E7A4F7556}") = "NetScape.Modules.Messages.Generator", "NetScape.Modules.Messages.Generator\NetScape.Modules.Messages.Generator.csproj", "{B0F0D905-D443-4C5B-90AF-35F0954510F7}"
EndProject
Project("{9A19103F-16F7-4668-BE54-9A1E7A4F7556}") = "NetScape.Modules.Messages.Builder", "NetScape.Modules.Messages.Builder\NetScape.Modules.Messages.Builder.csproj", "{12AECAA9-122D-4A3E-9B48-36DF0BFBE01F}"
EndProject
Project("{9A19103F-16F7-4668-BE54-9A1E7A4F7556}") = "NetScape.Modules.World", "NetScape.Modules.World\NetScape.Modules.World.csproj", "{8F9B05CE-066C-47A5-A365-A59B59193373}"
EndProject
Project("{9A19103F-16F7-4668-BE54-9A1E7A4F7556}") = "NetScape.Modules.ThreeOneSeven.World.Updating", "NetScape.Modules.ThreeOneSeven.World.Updating\NetScape.Modules.ThreeOneSeven.World.Updating.csproj", "{606492FE-CC59-4606-AB5F-3A1292B7A003}"
EndProject
Project("{9A19103F-16F7-4668-BE54-9A1E7A4F7556}") = "NetScape.Modules.Region", "NetScape.Modules.Region\NetScape.Modules.Region.csproj", "{C1622972-D92D-41E7-8547-D20BD0D2F6D1}"
EndProject
Project("{9A19103F-16F7-4668-BE54-9A1E7A4F7556}") = "NetScape.Modules.Region.Collision", "NetScape.Modules.Region.Collision\NetScape.Modules.Region.Collision.csproj", "{DD128036-A424-4432-8B59-CBDB3E10531D}"
EndProject
Project("{9A19103F-16F7-4668-BE54-9A1E7A4F7556}") = "NetScape.Modules.ThreeOneSeven.Game", "NetScape.Modules.ThreeOneSeven.Game\NetScape.Modules.ThreeOneSeven.Game.csproj", "{2F68D1D5-2637-4B34-A2F7-4DCDAC66A74A}"
EndProject
Project("{9A19103F-16F7-4668-BE54-9A1E7A4F7556}") = "NetScape.Modules.ThreeOneSeven.LoginProtocol", "NetScape.Modules.ThreeOneSeven.LoginProtocol\NetScape.Modules.ThreeOneSeven.LoginProtocol.csproj", "{73806B1D-9116-4D4D-8BF3-81BF56162F63}"
EndProject
Project("{9A19103F-16F7-4668-BE54-9A1E7A4F7556}") = "NetScape.Modules.DAL.Test", "NetScape.Modules.DAL.Test\NetScape.Modules.DAL.Test.csproj", "{C663F250-D88B-4043-BD77-0EC27AD386AE}"
EndProject
Project("{FAE04EC0-301F-11D3-BF4B-00C04F79EFBC}") = "NetScape.Modules.FourSevenFour.LoginProtocol", "NetScape.Modules.FourSevenFour.LoginProtocol\NetScape.Modules.FourSevenFour.LoginProtocol.csproj", "{D111F2C7-6CE7-46BB-8624-5F032E3FA554}"
EndProject
Project("{FAE04EC0-301F-11D3-BF4B-00C04F79EFBC}") = "NetScape.Modules.FourSevenFour.Game", "NetScape.Modules.FourSevenFour.Game\NetScape.Modules.FourSevenFour.Game.csproj", "{60279A5D-B40C-4D58-9279-C85E07B7606D}"
EndProject
Project("{FAE04EC0-301F-11D3-BF4B-00C04F79EFBC}") = "NetScape.Modules.FourSevenFour.World.Updating", "NetScape.Modules.FourSevenFour.World.Updating\NetScape.Modules.FourSevenFour.World.Updating.csproj", "{F644F124-9C5E-44BC-B483-E3114DD0B373}"
EndProject
Global
	GlobalSection(SolutionConfigurationPlatforms) = preSolution
		Debug|Any CPU = Debug|Any CPU
		Release|Any CPU = Release|Any CPU
	EndGlobalSection
	GlobalSection(ProjectConfigurationPlatforms) = postSolution
		{296CC515-8375-48A8-AB79-82131981BF46}.Debug|Any CPU.ActiveCfg = Debug|Any CPU
		{296CC515-8375-48A8-AB79-82131981BF46}.Debug|Any CPU.Build.0 = Debug|Any CPU
		{296CC515-8375-48A8-AB79-82131981BF46}.Release|Any CPU.ActiveCfg = Release|Any CPU
		{296CC515-8375-48A8-AB79-82131981BF46}.Release|Any CPU.Build.0 = Release|Any CPU
		{6FC700EE-6C8B-4F7A-95D6-4815CE04312A}.Debug|Any CPU.ActiveCfg = Debug|Any CPU
		{6FC700EE-6C8B-4F7A-95D6-4815CE04312A}.Debug|Any CPU.Build.0 = Debug|Any CPU
		{6FC700EE-6C8B-4F7A-95D6-4815CE04312A}.Release|Any CPU.ActiveCfg = Release|Any CPU
		{6FC700EE-6C8B-4F7A-95D6-4815CE04312A}.Release|Any CPU.Build.0 = Release|Any CPU
		{DDD07DB5-4CF3-4D24-BEF9-79563C402355}.Debug|Any CPU.ActiveCfg = Debug|Any CPU
		{DDD07DB5-4CF3-4D24-BEF9-79563C402355}.Debug|Any CPU.Build.0 = Debug|Any CPU
		{DDD07DB5-4CF3-4D24-BEF9-79563C402355}.Release|Any CPU.ActiveCfg = Release|Any CPU
		{DDD07DB5-4CF3-4D24-BEF9-79563C402355}.Release|Any CPU.Build.0 = Release|Any CPU
		{CCC82E8A-B9D8-4EF8-A1E9-A7E060908EE2}.Debug|Any CPU.ActiveCfg = Debug|Any CPU
		{CCC82E8A-B9D8-4EF8-A1E9-A7E060908EE2}.Debug|Any CPU.Build.0 = Debug|Any CPU
		{CCC82E8A-B9D8-4EF8-A1E9-A7E060908EE2}.Release|Any CPU.ActiveCfg = Release|Any CPU
		{CCC82E8A-B9D8-4EF8-A1E9-A7E060908EE2}.Release|Any CPU.Build.0 = Release|Any CPU
		{0AA24266-93AE-4453-9E20-0932ED6D50B1}.Debug|Any CPU.ActiveCfg = Debug|Any CPU
		{0AA24266-93AE-4453-9E20-0932ED6D50B1}.Debug|Any CPU.Build.0 = Debug|Any CPU
		{0AA24266-93AE-4453-9E20-0932ED6D50B1}.Release|Any CPU.ActiveCfg = Release|Any CPU
		{0AA24266-93AE-4453-9E20-0932ED6D50B1}.Release|Any CPU.Build.0 = Release|Any CPU
		{CF06986A-A8E2-4BC1-9A4B-BD35217E07F1}.Debug|Any CPU.ActiveCfg = Debug|Any CPU
		{CF06986A-A8E2-4BC1-9A4B-BD35217E07F1}.Debug|Any CPU.Build.0 = Debug|Any CPU
		{CF06986A-A8E2-4BC1-9A4B-BD35217E07F1}.Release|Any CPU.ActiveCfg = Release|Any CPU
		{CF06986A-A8E2-4BC1-9A4B-BD35217E07F1}.Release|Any CPU.Build.0 = Release|Any CPU
		{22C15816-2EB8-403F-B166-7A508ED73470}.Debug|Any CPU.ActiveCfg = Debug|Any CPU
		{22C15816-2EB8-403F-B166-7A508ED73470}.Debug|Any CPU.Build.0 = Debug|Any CPU
		{22C15816-2EB8-403F-B166-7A508ED73470}.Release|Any CPU.ActiveCfg = Release|Any CPU
		{22C15816-2EB8-403F-B166-7A508ED73470}.Release|Any CPU.Build.0 = Release|Any CPU
		{B0F0D905-D443-4C5B-90AF-35F0954510F7}.Debug|Any CPU.ActiveCfg = Debug|Any CPU
		{B0F0D905-D443-4C5B-90AF-35F0954510F7}.Debug|Any CPU.Build.0 = Debug|Any CPU
		{B0F0D905-D443-4C5B-90AF-35F0954510F7}.Release|Any CPU.ActiveCfg = Release|Any CPU
		{B0F0D905-D443-4C5B-90AF-35F0954510F7}.Release|Any CPU.Build.0 = Release|Any CPU
		{12AECAA9-122D-4A3E-9B48-36DF0BFBE01F}.Debug|Any CPU.ActiveCfg = Debug|Any CPU
		{12AECAA9-122D-4A3E-9B48-36DF0BFBE01F}.Debug|Any CPU.Build.0 = Debug|Any CPU
		{12AECAA9-122D-4A3E-9B48-36DF0BFBE01F}.Release|Any CPU.ActiveCfg = Release|Any CPU
		{12AECAA9-122D-4A3E-9B48-36DF0BFBE01F}.Release|Any CPU.Build.0 = Release|Any CPU
		{8F9B05CE-066C-47A5-A365-A59B59193373}.Debug|Any CPU.ActiveCfg = Debug|Any CPU
		{8F9B05CE-066C-47A5-A365-A59B59193373}.Debug|Any CPU.Build.0 = Debug|Any CPU
		{8F9B05CE-066C-47A5-A365-A59B59193373}.Release|Any CPU.ActiveCfg = Release|Any CPU
		{8F9B05CE-066C-47A5-A365-A59B59193373}.Release|Any CPU.Build.0 = Release|Any CPU
		{606492FE-CC59-4606-AB5F-3A1292B7A003}.Debug|Any CPU.ActiveCfg = Debug|Any CPU
		{606492FE-CC59-4606-AB5F-3A1292B7A003}.Debug|Any CPU.Build.0 = Debug|Any CPU
		{606492FE-CC59-4606-AB5F-3A1292B7A003}.Release|Any CPU.ActiveCfg = Release|Any CPU
		{606492FE-CC59-4606-AB5F-3A1292B7A003}.Release|Any CPU.Build.0 = Release|Any CPU
		{C1622972-D92D-41E7-8547-D20BD0D2F6D1}.Debug|Any CPU.ActiveCfg = Debug|Any CPU
		{C1622972-D92D-41E7-8547-D20BD0D2F6D1}.Debug|Any CPU.Build.0 = Debug|Any CPU
		{C1622972-D92D-41E7-8547-D20BD0D2F6D1}.Release|Any CPU.ActiveCfg = Release|Any CPU
		{C1622972-D92D-41E7-8547-D20BD0D2F6D1}.Release|Any CPU.Build.0 = Release|Any CPU
		{DD128036-A424-4432-8B59-CBDB3E10531D}.Debug|Any CPU.ActiveCfg = Debug|Any CPU
		{DD128036-A424-4432-8B59-CBDB3E10531D}.Debug|Any CPU.Build.0 = Debug|Any CPU
		{DD128036-A424-4432-8B59-CBDB3E10531D}.Release|Any CPU.ActiveCfg = Release|Any CPU
		{DD128036-A424-4432-8B59-CBDB3E10531D}.Release|Any CPU.Build.0 = Release|Any CPU
		{2F68D1D5-2637-4B34-A2F7-4DCDAC66A74A}.Debug|Any CPU.ActiveCfg = Debug|Any CPU
		{2F68D1D5-2637-4B34-A2F7-4DCDAC66A74A}.Debug|Any CPU.Build.0 = Debug|Any CPU
		{2F68D1D5-2637-4B34-A2F7-4DCDAC66A74A}.Release|Any CPU.ActiveCfg = Release|Any CPU
		{2F68D1D5-2637-4B34-A2F7-4DCDAC66A74A}.Release|Any CPU.Build.0 = Release|Any CPU
		{73806B1D-9116-4D4D-8BF3-81BF56162F63}.Debug|Any CPU.ActiveCfg = Debug|Any CPU
		{73806B1D-9116-4D4D-8BF3-81BF56162F63}.Debug|Any CPU.Build.0 = Debug|Any CPU
		{73806B1D-9116-4D4D-8BF3-81BF56162F63}.Release|Any CPU.ActiveCfg = Release|Any CPU
		{73806B1D-9116-4D4D-8BF3-81BF56162F63}.Release|Any CPU.Build.0 = Release|Any CPU
		{C663F250-D88B-4043-BD77-0EC27AD386AE}.Debug|Any CPU.ActiveCfg = Debug|Any CPU
		{C663F250-D88B-4043-BD77-0EC27AD386AE}.Debug|Any CPU.Build.0 = Debug|Any CPU
		{C663F250-D88B-4043-BD77-0EC27AD386AE}.Release|Any CPU.ActiveCfg = Release|Any CPU
		{C663F250-D88B-4043-BD77-0EC27AD386AE}.Release|Any CPU.Build.0 = Release|Any CPU
		{D111F2C7-6CE7-46BB-8624-5F032E3FA554}.Debug|Any CPU.ActiveCfg = Debug|Any CPU
		{D111F2C7-6CE7-46BB-8624-5F032E3FA554}.Debug|Any CPU.Build.0 = Debug|Any CPU
		{D111F2C7-6CE7-46BB-8624-5F032E3FA554}.Release|Any CPU.ActiveCfg = Release|Any CPU
		{D111F2C7-6CE7-46BB-8624-5F032E3FA554}.Release|Any CPU.Build.0 = Release|Any CPU
		{60279A5D-B40C-4D58-9279-C85E07B7606D}.Debug|Any CPU.ActiveCfg = Debug|Any CPU
		{60279A5D-B40C-4D58-9279-C85E07B7606D}.Debug|Any CPU.Build.0 = Debug|Any CPU
		{60279A5D-B40C-4D58-9279-C85E07B7606D}.Release|Any CPU.ActiveCfg = Release|Any CPU
		{60279A5D-B40C-4D58-9279-C85E07B7606D}.Release|Any CPU.Build.0 = Release|Any CPU
		{F644F124-9C5E-44BC-B483-E3114DD0B373}.Debug|Any CPU.ActiveCfg = Debug|Any CPU
		{F644F124-9C5E-44BC-B483-E3114DD0B373}.Debug|Any CPU.Build.0 = Debug|Any CPU
		{F644F124-9C5E-44BC-B483-E3114DD0B373}.Release|Any CPU.ActiveCfg = Release|Any CPU
		{F644F124-9C5E-44BC-B483-E3114DD0B373}.Release|Any CPU.Build.0 = Release|Any CPU
	EndGlobalSection
	GlobalSection(SolutionProperties) = preSolution
		HideSolutionNode = FALSE
	EndGlobalSection
	GlobalSection(ExtensibilityGlobals) = postSolution
		SolutionGuid = {4000A20C-1661-4B61-9071-28B0E3967D44}
	EndGlobalSection
EndGlobal
